# THIS IS AN AUTOGENERATED FILE. DO NOT EDIT THIS FILE DIRECTLY.
# yarn lockfile v1


js.sortable@^0.8.0:
  version "0.8.0"
  resolved "https://registry.yarnpkg.com/js.sortable/-/js.sortable-0.8.0.tgz#939805acf74d9ebf558fc689d6e3eca3fac6492d"
  integrity sha1-k5gFrPdNnr9Vj8aJ1uPso/rGSS0=

sortablejs@^1.10.2:
  version "1.10.2"
  resolved "https://registry.yarnpkg.com/sortablejs/-/sortablejs-1.10.2.tgz#6e40364d913f98b85a14f6678f92b5c1221f5290"
  integrity sha512-YkPGufevysvfwn5rfdlGyrGjt7/CRHwvRPogD/lC+TnvcN29jDpCifKP+rBqf+LRldfXSTh+0CGLcSg0VIxq3A==
